// !$*UTF8*$!
{
	archiveVersion = 1;
	classes = {
	};
	objectVersion = 46;
	objects = {

/* Begin PBXBuildFile section */
		7B4579111A5F301900638CFF /* OpenWeatherMap.swift in Sources */ = {isa = PBXBuildFile; fileRef = 7B4579101A5F301900638CFF /* OpenWeatherMap.swift */; };
		7B45791A1A5F572600638CFF /* 01d.png in Resources */ = {isa = PBXBuildFile; fileRef = 7B4579121A5F572600638CFF /* 01d.png */; };
		7B45791D1A5F572600638CFF /* 04d.png in Resources */ = {isa = PBXBuildFile; fileRef = 7B4579151A5F572600638CFF /* 04d.png */; };
		7B45791E1A5F572600638CFF /* 09d.png in Resources */ = {isa = PBXBuildFile; fileRef = 7B4579161A5F572600638CFF /* 09d.png */; };
		7B45791F1A5F572600638CFF /* 11d.png in Resources */ = {isa = PBXBuildFile; fileRef = 7B4579171A5F572600638CFF /* 11d.png */; };
		7B4579201A5F572600638CFF /* 13d.png in Resources */ = {isa = PBXBuildFile; fileRef = 7B4579181A5F572600638CFF /* 13d.png */; };
		7B4579211A5F572600638CFF /* 50d.png in Resources */ = {isa = PBXBuildFile; fileRef = 7B4579191A5F572600638CFF /* 50d.png */; };
		7B45792A1A5F583400638CFF /* 01n.png in Resources */ = {isa = PBXBuildFile; fileRef = 7B4579221A5F583400638CFF /* 01n.png */; };
		7B45792D1A5F583400638CFF /* 04n.png in Resources */ = {isa = PBXBuildFile; fileRef = 7B4579251A5F583400638CFF /* 04n.png */; };
		7B45792E1A5F583400638CFF /* 09n.png in Resources */ = {isa = PBXBuildFile; fileRef = 7B4579261A5F583400638CFF /* 09n.png */; };
		7B45792F1A5F583400638CFF /* 11n.png in Resources */ = {isa = PBXBuildFile; fileRef = 7B4579271A5F583400638CFF /* 11n.png */; };
		7B4579301A5F583400638CFF /* 13n.png in Resources */ = {isa = PBXBuildFile; fileRef = 7B4579281A5F583400638CFF /* 13n.png */; };
		7B4579311A5F583400638CFF /* 50n.png in Resources */ = {isa = PBXBuildFile; fileRef = 7B4579291A5F583400638CFF /* 50n.png */; };
		7B4579351A5F5A5800638CFF /* 03n.png in Resources */ = {isa = PBXBuildFile; fileRef = 7B4579341A5F5A5800638CFF /* 03n.png */; };
		7B4579371A5F5A6800638CFF /* 03d.png in Resources */ = {isa = PBXBuildFile; fileRef = 7B4579361A5F5A6800638CFF /* 03d.png */; };
		7B4579391A5F60C900638CFF /* 02d.png in Resources */ = {isa = PBXBuildFile; fileRef = 7B4579381A5F60C900638CFF /* 02d.png */; };
		7B45793B1A5F60D900638CFF /* 02n.png in Resources */ = {isa = PBXBuildFile; fileRef = 7B45793A1A5F60D900638CFF /* 02n.png */; };
		7B4579461A5FB1A400638CFF /* 10d.png in Resources */ = {isa = PBXBuildFile; fileRef = 7B4579441A5FB1A400638CFF /* 10d.png */; };
		7B4579471A5FB1A400638CFF /* 10n.png in Resources */ = {isa = PBXBuildFile; fileRef = 7B4579451A5FB1A400638CFF /* 10n.png */; };
		7BD088311A57DB7500F0D5EE /* AppDelegate.swift in Sources */ = {isa = PBXBuildFile; fileRef = 7BD088301A57DB7500F0D5EE /* AppDelegate.swift */; };
		7BD088331A57DB7500F0D5EE /* ViewController.swift in Sources */ = {isa = PBXBuildFile; fileRef = 7BD088321A57DB7500F0D5EE /* ViewController.swift */; };
		7BD088361A57DB7500F0D5EE /* Main.storyboard in Resources */ = {isa = PBXBuildFile; fileRef = 7BD088341A57DB7500F0D5EE /* Main.storyboard */; };
		7BD088381A57DB7500F0D5EE /* Images.xcassets in Resources */ = {isa = PBXBuildFile; fileRef = 7BD088371A57DB7500F0D5EE /* Images.xcassets */; };
		7BD0883B1A57DB7500F0D5EE /* LaunchScreen.xib in Resources */ = {isa = PBXBuildFile; fileRef = 7BD088391A57DB7500F0D5EE /* LaunchScreen.xib */; };
		7BD088471A57DB7500F0D5EE /* Weather_Mock_up_1Tests.swift in Sources */ = {isa = PBXBuildFile; fileRef = 7BD088461A57DB7500F0D5EE /* Weather_Mock_up_1Tests.swift */; };
		7BD088541A57E03C00F0D5EE /* Cloud Sun.png in Resources */ = {isa = PBXBuildFile; fileRef = 7BD088501A57E03C00F0D5EE /* Cloud Sun.png */; };
		7BD088551A57E03C00F0D5EE /* Cloudy Rain 2.png in Resources */ = {isa = PBXBuildFile; fileRef = 7BD088511A57E03C00F0D5EE /* Cloudy Rain 2.png */; };
		7BD088561A57E03C00F0D5EE /* Cloudy.png in Resources */ = {isa = PBXBuildFile; fileRef = 7BD088521A57E03C00F0D5EE /* Cloudy.png */; };
		7BD088571A57E03C00F0D5EE /* Sun.png in Resources */ = {isa = PBXBuildFile; fileRef = 7BD088531A57E03C00F0D5EE /* Sun.png */; };
		7BDE9A651A5E5C2D00D3AA7C /* HTTPRequestSerializer.swift in Sources */ = {isa = PBXBuildFile; fileRef = 7BDE9A621A5E5C2D00D3AA7C /* HTTPRequestSerializer.swift */; };
		7BDE9A661A5E5C2D00D3AA7C /* HTTPResponseSerializer.swift in Sources */ = {isa = PBXBuildFile; fileRef = 7BDE9A631A5E5C2D00D3AA7C /* HTTPResponseSerializer.swift */; };
		7BDE9A671A5E5C2D00D3AA7C /* HTTPUpload.swift in Sources */ = {isa = PBXBuildFile; fileRef = 7BDE9A641A5E5C2D00D3AA7C /* HTTPUpload.swift */; };
		7BDE9A6A1A5E5C3D00D3AA7C /* HTTPTask.swift in Sources */ = {isa = PBXBuildFile; fileRef = 7BDE9A681A5E5C3D00D3AA7C /* HTTPTask.swift */; };
		7BDE9A6B1A5E5C3D00D3AA7C /* SwiftyJSON.swift in Sources */ = {isa = PBXBuildFile; fileRef = 7BDE9A691A5E5C3D00D3AA7C /* SwiftyJSON.swift */; };
/* End PBXBuildFile section */

/* Begin PBXContainerItemProxy section */
		7BD088411A57DB7500F0D5EE /* PBXContainerItemProxy */ = {
			isa = PBXContainerItemProxy;
			containerPortal = 7BD088231A57DB7500F0D5EE /* Project object */;
			proxyType = 1;
			remoteGlobalIDString = 7BD0882A1A57DB7500F0D5EE;
			remoteInfo = "Weather Mock up 1";
		};
/* End PBXContainerItemProxy section */

/* Begin PBXFileReference section */
		7B4579101A5F301900638CFF /* OpenWeatherMap.swift */ = {isa = PBXFileReference; fileEncoding = 4; lastKnownFileType = sourcecode.swift; path = OpenWeatherMap.swift; sourceTree = "<group>"; };
		7B4579121A5F572600638CFF /* 01d.png */ = {isa = PBXFileReference; lastKnownFileType = image.png; path = 01d.png; sourceTree = "<group>"; };
		7B4579151A5F572600638CFF /* 04d.png */ = {isa = PBXFileReference; lastKnownFileType = image.png; path = 04d.png; sourceTree = "<group>"; };
		7B4579161A5F572600638CFF /* 09d.png */ = {isa = PBXFileReference; lastKnownFileType = image.png; path = 09d.png; sourceTree = "<group>"; };
		7B4579171A5F572600638CFF /* 11d.png */ = {isa = PBXFileReference; lastKnownFileType = image.png; path = 11d.png; sourceTree = "<group>"; };
		7B4579181A5F572600638CFF /* 13d.png */ = {isa = PBXFileReference; lastKnownFileType = image.png; path = 13d.png; sourceTree = "<group>"; };
		7B4579191A5F572600638CFF /* 50d.png */ = {isa = PBXFileReference; lastKnownFileType = image.png; path = 50d.png; sourceTree = "<group>"; };
		7B4579221A5F583400638CFF /* 01n.png */ = {isa = PBXFileReference; lastKnownFileType = image.png; path = 01n.png; sourceTree = "<group>"; };
		7B4579251A5F583400638CFF /* 04n.png */ = {isa = PBXFileReference; lastKnownFileType = image.png; path = 04n.png; sourceTree = "<group>"; };
		7B4579261A5F583400638CFF /* 09n.png */ = {isa = PBXFileReference; lastKnownFileType = image.png; path = 09n.png; sourceTree = "<group>"; };
		7B4579271A5F583400638CFF /* 11n.png */ = {isa = PBXFileReference; lastKnownFileType = image.png; path = 11n.png; sourceTree = "<group>"; };
		7B4579281A5F583400638CFF /* 13n.png */ = {isa = PBXFileReference; lastKnownFileType = image.png; path = 13n.png; sourceTree = "<group>"; };
		7B4579291A5F583400638CFF /* 50n.png */ = {isa = PBXFileReference; lastKnownFileType = image.png; path = 50n.png; sourceTree = "<group>"; };
		7B4579341A5F5A5800638CFF /* 03n.png */ = {isa = PBXFileReference; lastKnownFileType = image.png; path = 03n.png; sourceTree = "<group>"; };
		7B4579361A5F5A6800638CFF /* 03d.png */ = {isa = PBXFileReference; lastKnownFileType = image.png; path = 03d.png; sourceTree = "<group>"; };
		7B4579381A5F60C900638CFF /* 02d.png */ = {isa = PBXFileReference; lastKnownFileType = image.png; path = 02d.png; sourceTree = "<group>"; };
		7B45793A1A5F60D900638CFF /* 02n.png */ = {isa = PBXFileReference; lastKnownFileType = image.png; path = 02n.png; sourceTree = "<group>"; };
		7B4579441A5FB1A400638CFF /* 10d.png */ = {isa = PBXFileReference; lastKnownFileType = image.png; path = 10d.png; sourceTree = "<group>"; };
		7B4579451A5FB1A400638CFF /* 10n.png */ = {isa = PBXFileReference; lastKnownFileType = image.png; path = 10n.png; sourceTree = "<group>"; };
		7BD0882B1A57DB7500F0D5EE /* Weather Mock up 1.app */ = {isa = PBXFileReference; explicitFileType = wrapper.application; includeInIndex = 0; path = "Weather Mock up 1.app"; sourceTree = BUILT_PRODUCTS_DIR; };
		7BD0882F1A57DB7500F0D5EE /* Info.plist */ = {isa = PBXFileReference; lastKnownFileType = text.plist.xml; path = Info.plist; sourceTree = "<group>"; };
		7BD088301A57DB7500F0D5EE /* AppDelegate.swift */ = {isa = PBXFileReference; lastKnownFileType = sourcecode.swift; path = AppDelegate.swift; sourceTree = "<group>"; };
		7BD088321A57DB7500F0D5EE /* ViewController.swift */ = {isa = PBXFileReference; lastKnownFileType = sourcecode.swift; path = ViewController.swift; sourceTree = "<group>"; };
		7BD088351A57DB7500F0D5EE /* Base */ = {isa = PBXFileReference; lastKnownFileType = file.storyboard; name = Base; path = Base.lproj/Main.storyboard; sourceTree = "<group>"; };
		7BD088371A57DB7500F0D5EE /* Images.xcassets */ = {isa = PBXFileReference; lastKnownFileType = folder.assetcatalog; path = Images.xcassets; sourceTree = "<group>"; };
		7BD0883A1A57DB7500F0D5EE /* Base */ = {isa = PBXFileReference; lastKnownFileType = file.xib; name = Base; path = Base.lproj/LaunchScreen.xib; sourceTree = "<group>"; };
		7BD088401A57DB7500F0D5EE /* Weather Mock up 1Tests.xctest */ = {isa = PBXFileReference; explicitFileType = wrapper.cfbundle; includeInIndex = 0; path = "Weather Mock up 1Tests.xctest"; sourceTree = BUILT_PRODUCTS_DIR; };
		7BD088451A57DB7500F0D5EE /* Info.plist */ = {isa = PBXFileReference; lastKnownFileType = text.plist.xml; path = Info.plist; sourceTree = "<group>"; };
		7BD088461A57DB7500F0D5EE /* Weather_Mock_up_1Tests.swift */ = {isa = PBXFileReference; lastKnownFileType = sourcecode.swift; path = Weather_Mock_up_1Tests.swift; sourceTree = "<group>"; };
		7BD088501A57E03C00F0D5EE /* Cloud Sun.png */ = {isa = PBXFileReference; lastKnownFileType = image.png; path = "Cloud Sun.png"; sourceTree = "<group>"; };
		7BD088511A57E03C00F0D5EE /* Cloudy Rain 2.png */ = {isa = PBXFileReference; lastKnownFileType = image.png; path = "Cloudy Rain 2.png"; sourceTree = "<group>"; };
		7BD088521A57E03C00F0D5EE /* Cloudy.png */ = {isa = PBXFileReference; lastKnownFileType = image.png; path = Cloudy.png; sourceTree = "<group>"; };
		7BD088531A57E03C00F0D5EE /* Sun.png */ = {isa = PBXFileReference; lastKnownFileType = image.png; path = Sun.png; sourceTree = "<group>"; };
		7BDE9A621A5E5C2D00D3AA7C /* HTTPRequestSerializer.swift */ = {isa = PBXFileReference; fileEncoding = 4; lastKnownFileType = sourcecode.swift; path = HTTPRequestSerializer.swift; sourceTree = "<group>"; };
		7BDE9A631A5E5C2D00D3AA7C /* HTTPResponseSerializer.swift */ = {isa = PBXFileReference; fileEncoding = 4; lastKnownFileType = sourcecode.swift; path = HTTPResponseSerializer.swift; sourceTree = "<group>"; };
		7BDE9A641A5E5C2D00D3AA7C /* HTTPUpload.swift */ = {isa = PBXFileReference; fileEncoding = 4; lastKnownFileType = sourcecode.swift; path = HTTPUpload.swift; sourceTree = "<group>"; };
		7BDE9A681A5E5C3D00D3AA7C /* HTTPTask.swift */ = {isa = PBXFileReference; fileEncoding = 4; lastKnownFileType = sourcecode.swift; path = HTTPTask.swift; sourceTree = "<group>"; };
		7BDE9A691A5E5C3D00D3AA7C /* SwiftyJSON.swift */ = {isa = PBXFileReference; fileEncoding = 4; lastKnownFileType = sourcecode.swift; path = SwiftyJSON.swift; sourceTree = "<group>"; };
/* End PBXFileReference section */

/* Begin PBXFrameworksBuildPhase section */
		7BD088281A57DB7500F0D5EE /* Frameworks */ = {
			isa = PBXFrameworksBuildPhase;
			buildActionMask = 2147483647;
			files = (
			);
			runOnlyForDeploymentPostprocessing = 0;
		};
		7BD0883D1A57DB7500F0D5EE /* Frameworks */ = {
			isa = PBXFrameworksBuildPhase;
			buildActionMask = 2147483647;
			files = (
			);
			runOnlyForDeploymentPostprocessing = 0;
		};
/* End PBXFrameworksBuildPhase section */

/* Begin PBXGroup section */
		7B4579321A5F585B00638CFF /* Icons Day Large */ = {
			isa = PBXGroup;
			children = (
				7B4579121A5F572600638CFF /* 01d.png */,
				7B4579381A5F60C900638CFF /* 02d.png */,
				7B4579361A5F5A6800638CFF /* 03d.png */,
				7B4579151A5F572600638CFF /* 04d.png */,
				7B4579161A5F572600638CFF /* 09d.png */,
				7B4579441A5FB1A400638CFF /* 10d.png */,
				7B4579171A5F572600638CFF /* 11d.png */,
				7B4579181A5F572600638CFF /* 13d.png */,
				7B4579191A5F572600638CFF /* 50d.png */,
			);
			name = "Icons Day Large";
			sourceTree = "<group>";
		};
		7B4579331A5F587300638CFF /* Icons Night Large */ = {
			isa = PBXGroup;
			children = (
				7B4579221A5F583400638CFF /* 01n.png */,
				7B45793A1A5F60D900638CFF /* 02n.png */,
				7B4579341A5F5A5800638CFF /* 03n.png */,
				7B4579251A5F583400638CFF /* 04n.png */,
				7B4579261A5F583400638CFF /* 09n.png */,
				7B4579451A5FB1A400638CFF /* 10n.png */,
				7B4579271A5F583400638CFF /* 11n.png */,
				7B4579281A5F583400638CFF /* 13n.png */,
				7B4579291A5F583400638CFF /* 50n.png */,
			);
			name = "Icons Night Large";
			sourceTree = "<group>";
		};
		7BD088221A57DB7400F0D5EE = {
			isa = PBXGroup;
			children = (
				7BD0882D1A57DB7500F0D5EE /* Weather Mock up 1 */,
				7BD088431A57DB7500F0D5EE /* Weather Mock up 1Tests */,
				7BD0882C1A57DB7500F0D5EE /* Products */,
				7BD088581A57E04900F0D5EE /* Images */,
			);
			sourceTree = "<group>";
		};
		7BD0882C1A57DB7500F0D5EE /* Products */ = {
			isa = PBXGroup;
			children = (
				7BD0882B1A57DB7500F0D5EE /* Weather Mock up 1.app */,
				7BD088401A57DB7500F0D5EE /* Weather Mock up 1Tests.xctest */,
			);
			name = Products;
			sourceTree = "<group>";
		};
		7BD0882D1A57DB7500F0D5EE /* Weather Mock up 1 */ = {
			isa = PBXGroup;
			children = (
				7BDE9A6C1A5E5C4600D3AA7C /* Network Helpers */,
				7BD088301A57DB7500F0D5EE /* AppDelegate.swift */,
				7BD088321A57DB7500F0D5EE /* ViewController.swift */,
				7B4579101A5F301900638CFF /* OpenWeatherMap.swift */,
				7BD088341A57DB7500F0D5EE /* Main.storyboard */,
				7BD088371A57DB7500F0D5EE /* Images.xcassets */,
				7BD088391A57DB7500F0D5EE /* LaunchScreen.xib */,
				7BD0882E1A57DB7500F0D5EE /* Supporting Files */,
			);
			path = "Weather Mock up 1";
			sourceTree = "<group>";
		};
		7BD0882E1A57DB7500F0D5EE /* Supporting Files */ = {
			isa = PBXGroup;
			children = (
				7BD0882F1A57DB7500F0D5EE /* Info.plist */,
			);
			name = "Supporting Files";
			sourceTree = "<group>";
		};
		7BD088431A57DB7500F0D5EE /* Weather Mock up 1Tests */ = {
			isa = PBXGroup;
			children = (
				7BD088461A57DB7500F0D5EE /* Weather_Mock_up_1Tests.swift */,
				7BD088441A57DB7500F0D5EE /* Supporting Files */,
			);
			path = "Weather Mock up 1Tests";
			sourceTree = "<group>";
		};
		7BD088441A57DB7500F0D5EE /* Supporting Files */ = {
			isa = PBXGroup;
			children = (
				7BD088451A57DB7500F0D5EE /* Info.plist */,
			);
			name = "Supporting Files";
			sourceTree = "<group>";
		};
		7BD088581A57E04900F0D5EE /* Images */ = {
			isa = PBXGroup;
			children = (
				7BD088501A57E03C00F0D5EE /* Cloud Sun.png */,
				7BD088511A57E03C00F0D5EE /* Cloudy Rain 2.png */,
				7BD088521A57E03C00F0D5EE /* Cloudy.png */,
				7BD088531A57E03C00F0D5EE /* Sun.png */,
				7B4579331A5F587300638CFF /* Icons Night Large */,
				7B4579321A5F585B00638CFF /* Icons Day Large */,
			);
			name = Images;
			sourceTree = "<group>";
		};
		7BDE9A6C1A5E5C4600D3AA7C /* Network Helpers */ = {
			isa = PBXGroup;
			children = (
				7BDE9A621A5E5C2D00D3AA7C /* HTTPRequestSerializer.swift */,
				7BDE9A631A5E5C2D00D3AA7C /* HTTPResponseSerializer.swift */,
				7BDE9A641A5E5C2D00D3AA7C /* HTTPUpload.swift */,
				7BDE9A681A5E5C3D00D3AA7C /* HTTPTask.swift */,
				7BDE9A691A5E5C3D00D3AA7C /* SwiftyJSON.swift */,
			);
			name = "Network Helpers";
			sourceTree = "<group>";
		};
/* End PBXGroup section */

/* Begin PBXNativeTarget section */
		7BD0882A1A57DB7500F0D5EE /* Weather Mock up 1 */ = {
			isa = PBXNativeTarget;
			buildConfigurationList = 7BD0884A1A57DB7500F0D5EE /* Build configuration list for PBXNativeTarget "Weather Mock up 1" */;
			buildPhases = (
				7BD088271A57DB7500F0D5EE /* Sources */,
				7BD088281A57DB7500F0D5EE /* Frameworks */,
				7BD088291A57DB7500F0D5EE /* Resources */,
			);
			buildRules = (
			);
			dependencies = (
			);
			name = "Weather Mock up 1";
			productName = "Weather Mock up 1";
			productReference = 7BD0882B1A57DB7500F0D5EE /* Weather Mock up 1.app */;
			productType = "com.apple.product-type.application";
		};
		7BD0883F1A57DB7500F0D5EE /* Weather Mock up 1Tests */ = {
			isa = PBXNativeTarget;
			buildConfigurationList = 7BD0884D1A57DB7500F0D5EE /* Build configuration list for PBXNativeTarget "Weather Mock up 1Tests" */;
			buildPhases = (
				7BD0883C1A57DB7500F0D5EE /* Sources */,
				7BD0883D1A57DB7500F0D5EE /* Frameworks */,
				7BD0883E1A57DB7500F0D5EE /* Resources */,
			);
			buildRules = (
			);
			dependencies = (
				7BD088421A57DB7500F0D5EE /* PBXTargetDependency */,
			);
			name = "Weather Mock up 1Tests";
			productName = "Weather Mock up 1Tests";
			productReference = 7BD088401A57DB7500F0D5EE /* Weather Mock up 1Tests.xctest */;
			productType = "com.apple.product-type.bundle.unit-test";
		};
/* End PBXNativeTarget section */

/* Begin PBXProject section */
		7BD088231A57DB7500F0D5EE /* Project object */ = {
			isa = PBXProject;
			attributes = {
				LastUpgradeCheck = 0610;
				ORGANIZATIONNAME = "mitchell hudson";
				TargetAttributes = {
					7BD0882A1A57DB7500F0D5EE = {
						CreatedOnToolsVersion = 6.1.1;
					};
					7BD0883F1A57DB7500F0D5EE = {
						CreatedOnToolsVersion = 6.1.1;
						TestTargetID = 7BD0882A1A57DB7500F0D5EE;
					};
				};
			};
			buildConfigurationList = 7BD088261A57DB7500F0D5EE /* Build configuration list for PBXProject "Weather Mock up 1" */;
			compatibilityVersion = "Xcode 3.2";
			developmentRegion = English;
			hasScannedForEncodings = 0;
			knownRegions = (
				en,
				Base,
			);
			mainGroup = 7BD088221A57DB7400F0D5EE;
			productRefGroup = 7BD0882C1A57DB7500F0D5EE /* Products */;
			projectDirPath = "";
			projectRoot = "";
			targets = (
				7BD0882A1A57DB7500F0D5EE /* Weather Mock up 1 */,
				7BD0883F1A57DB7500F0D5EE /* Weather Mock up 1Tests */,
			);
		};
/* End PBXProject section */

/* Begin PBXResourcesBuildPhase section */
		7BD088291A57DB7500F0D5EE /* Resources */ = {
			isa = PBXResourcesBuildPhase;
			buildActionMask = 2147483647;
			files = (
				7BD088361A57DB7500F0D5EE /* Main.storyboard in Resources */,
				7B4579311A5F583400638CFF /* 50n.png in Resources */,
				7B45791D1A5F572600638CFF /* 04d.png in Resources */,
				7BD088551A57E03C00F0D5EE /* Cloudy Rain 2.png in Resources */,
				7B45792F1A5F583400638CFF /* 11n.png in Resources */,
				7B4579211A5F572600638CFF /* 50d.png in Resources */,
				7B45792E1A5F583400638CFF /* 09n.png in Resources */,
				7B45791E1A5F572600638CFF /* 09d.png in Resources */,
				7B45791F1A5F572600638CFF /* 11d.png in Resources */,
				7BD088541A57E03C00F0D5EE /* Cloud Sun.png in Resources */,
				7BD088571A57E03C00F0D5EE /* Sun.png in Resources */,
				7B4579301A5F583400638CFF /* 13n.png in Resources */,
				7B45792A1A5F583400638CFF /* 01n.png in Resources */,
				7B45793B1A5F60D900638CFF /* 02n.png in Resources */,
				7B4579471A5FB1A400638CFF /* 10n.png in Resources */,
				7B4579371A5F5A6800638CFF /* 03d.png in Resources */,
				7B4579461A5FB1A400638CFF /* 10d.png in Resources */,
				7BD0883B1A57DB7500F0D5EE /* LaunchScreen.xib in Resources */,
				7B45792D1A5F583400638CFF /* 04n.png in Resources */,
				7BD088381A57DB7500F0D5EE /* Images.xcassets in Resources */,
				7B4579201A5F572600638CFF /* 13d.png in Resources */,
				7B4579391A5F60C900638CFF /* 02d.png in Resources */,
				7B4579351A5F5A5800638CFF /* 03n.png in Resources */,
				7BD088561A57E03C00F0D5EE /* Cloudy.png in Resources */,
				7B45791A1A5F572600638CFF /* 01d.png in Resources */,
			);
			runOnlyForDeploymentPostprocessing = 0;
		};
		7BD0883E1A57DB7500F0D5EE /* Resources */ = {
			isa = PBXResourcesBuildPhase;
			buildActionMask = 2147483647;
			files = (
			);
			runOnlyForDeploymentPostprocessing = 0;
		};
/* End PBXResourcesBuildPhase section */

/* Begin PBXSourcesBuildPhase section */
		7BD088271A57DB7500F0D5EE /* Sources */ = {
			isa = PBXSourcesBuildPhase;
			buildActionMask = 2147483647;
			files = (
				7BDE9A6A1A5E5C3D00D3AA7C /* HTTPTask.swift in Sources */,
				7BDE9A661A5E5C2D00D3AA7C /* HTTPResponseSerializer.swift in Sources */,
				7BDE9A671A5E5C2D00D3AA7C /* HTTPUpload.swift in Sources */,
				7BDE9A651A5E5C2D00D3AA7C /* HTTPRequestSerializer.swift in Sources */,
				7BD088331A57DB7500F0D5EE /* ViewController.swift in Sources */,
				7BDE9A6B1A5E5C3D00D3AA7C /* SwiftyJSON.swift in Sources */,
				7BD088311A57DB7500F0D5EE /* AppDelegate.swift in Sources */,
				7B4579111A5F301900638CFF /* OpenWeatherMap.swift in Sources */,
			);
			runOnlyForDeploymentPostprocessing = 0;
		};
		7BD0883C1A57DB7500F0D5EE /* Sources */ = {
			isa = PBXSourcesBuildPhase;
			buildActionMask = 2147483647;
			files = (
				7BD088471A57DB7500F0D5EE /* Weather_Mock_up_1Tests.swift in Sources */,
			);
			runOnlyForDeploymentPostprocessing = 0;
		};
/* End PBXSourcesBuildPhase section */

/* Begin PBXTargetDependency section */
		7BD088421A57DB7500F0D5EE /* PBXTargetDependency */ = {
			isa = PBXTargetDependency;
			target = 7BD0882A1A57DB7500F0D5EE /* Weather Mock up 1 */;
			targetProxy = 7BD088411A57DB7500F0D5EE /* PBXContainerItemProxy */;
		};
/* End PBXTargetDependency section */

/* Begin PBXVariantGroup section */
		7BD088341A57DB7500F0D5EE /* Main.storyboard */ = {
			isa = PBXVariantGroup;
			children = (
				7BD088351A57DB7500F0D5EE /* Base */,
			);
			name = Main.storyboard;
			sourceTree = "<group>";
		};
		7BD088391A57DB7500F0D5EE /* LaunchScreen.xib */ = {
			isa = PBXVariantGroup;
			children = (
				7BD0883A1A57DB7500F0D5EE /* Base */,
			);
			name = LaunchScreen.xib;
			sourceTree = "<group>";
		};
/* End PBXVariantGroup section */

/* Begin XCBuildConfiguration section */
		7BD088481A57DB7500F0D5EE /* Debug */ = {
			isa = XCBuildConfiguration;
			buildSettings = {
				ALWAYS_SEARCH_USER_PATHS = NO;
				CLANG_CXX_LANGUAGE_STANDARD = "gnu++0x";
				CLANG_CXX_LIBRARY = "libc++";
				CLANG_ENABLE_MODULES = YES;
				CLANG_ENABLE_OBJC_ARC = YES;
				CLANG_WARN_BOOL_CONVERSION = YES;
				CLANG_WARN_CONSTANT_CONVERSION = YES;
				CLANG_WARN_DIRECT_OBJC_ISA_USAGE = YES_ERROR;
				CLANG_WARN_EMPTY_BODY = YES;
				CLANG_WARN_ENUM_CONVERSION = YES;
				CLANG_WARN_INT_CONVERSION = YES;
				CLANG_WARN_OBJC_ROOT_CLASS = YES_ERROR;
				CLANG_WARN_UNREACHABLE_CODE = YES;
				CLANG_WARN__DUPLICATE_METHOD_MATCH = YES;
				"CODE_SIGN_IDENTITY[sdk=iphoneos*]" = "iPhone Developer";
				COPY_PHASE_STRIP = NO;
				ENABLE_STRICT_OBJC_MSGSEND = YES;
				GCC_C_LANGUAGE_STANDARD = gnu99;
				GCC_DYNAMIC_NO_PIC = NO;
				GCC_OPTIMIZATION_LEVEL = 0;
				GCC_PREPROCESSOR_DEFINITIONS = (
					"DEBUG=1",
					"$(inherited)",
				);
				GCC_SYMBOLS_PRIVATE_EXTERN = NO;
				GCC_WARN_64_TO_32_BIT_CONVERSION = YES;
				GCC_WARN_ABOUT_RETURN_TYPE = YES_ERROR;
				GCC_WARN_UNDECLARED_SELECTOR = YES;
				GCC_WARN_UNINITIALIZED_AUTOS = YES_AGGRESSIVE;
				GCC_WARN_UNUSED_FUNCTION = YES;
				GCC_WARN_UNUSED_VARIABLE = YES;
				IPHONEOS_DEPLOYMENT_TARGET = 8.1;
				MTL_ENABLE_DEBUG_INFO = YES;
				ONLY_ACTIVE_ARCH = YES;
				SDKROOT = iphoneos;
				SWIFT_OPTIMIZATION_LEVEL = "-Onone";
			};
			name = Debug;
		};
		7BD088491A57DB7500F0D5EE /* Release */ = {
			isa = XCBuildConfiguration;
			buildSettings = {
				ALWAYS_SEARCH_USER_PATHS = NO;
				CLANG_CXX_LANGUAGE_STANDARD = "gnu++0x";
				CLANG_CXX_LIBRARY = "libc++";
				CLANG_ENABLE_MODULES = YES;
				CLANG_ENABLE_OBJC_ARC = YES;
				CLANG_WARN_BOOL_CONVERSION = YES;
				CLANG_WARN_CONSTANT_CONVERSION = YES;
				CLANG_WARN_DIRECT_OBJC_ISA_USAGE = YES_ERROR;
				CLANG_WARN_EMPTY_BODY = YES;
				CLANG_WARN_ENUM_CONVERSION = YES;
				CLANG_WARN_INT_CONVERSION = YES;
				CLANG_WARN_OBJC_ROOT_CLASS = YES_ERROR;
				CLANG_WARN_UNREACHABLE_CODE = YES;
				CLANG_WARN__DUPLICATE_METHOD_MATCH = YES;
				"CODE_SIGN_IDENTITY[sdk=iphoneos*]" = "iPhone Developer";
				COPY_PHASE_STRIP = YES;
				ENABLE_NS_ASSERTIONS = NO;
				ENABLE_STRICT_OBJC_MSGSEND = YES;
				GCC_C_LANGUAGE_STANDARD = gnu99;
				GCC_WARN_64_TO_32_BIT_CONVERSION = YES;
				GCC_WARN_ABOUT_RETURN_TYPE = YES_ERROR;
				GCC_WARN_UNDECLARED_SELECTOR = YES;
				GCC_WARN_UNINITIALIZED_AUTOS = YES_AGGRESSIVE;
				GCC_WARN_UNUSED_FUNCTION = YES;
				GCC_WARN_UNUSED_VARIABLE = YES;
				IPHONEOS_DEPLOYMENT_TARGET = 8.1;
				MTL_ENABLE_DEBUG_INFO = NO;
				SDKROOT = iphoneos;
				VALIDATE_PRODUCT = YES;
			};
			name = Release;
		};
		7BD0884B1A57DB7500F0D5EE /* Debug */ = {
			isa = XCBuildConfiguration;
			buildSettings = {
				ASSETCATALOG_COMPILER_APPICON_NAME = AppIcon;
				INFOPLIST_FILE = "Weather Mock up 1/Info.plist";
				LD_RUNPATH_SEARCH_PATHS = "$(inherited) @executable_path/Frameworks";
				PRODUCT_NAME = "$(TARGET_NAME)";
			};
			name = Debug;
		};
		7BD0884C1A57DB7500F0D5EE /* Release */ = {
			isa = XCBuildConfiguration;
			buildSettings = {
				ASSETCATALOG_COMPILER_APPICON_NAME = AppIcon;
				INFOPLIST_FILE = "Weather Mock up 1/Info.plist";
				LD_RUNPATH_SEARCH_PATHS = "$(inherited) @executable_path/Frameworks";
				PRODUCT_NAME = "$(TARGET_NAME)";
			};
			name = Release;
		};
		7BD0884E1A57DB7500F0D5EE /* Debug */ = {
			isa = XCBuildConfiguration;
			buildSettings = {
				BUNDLE_LOADER = "$(TEST_HOST)";
				FRAMEWORK_SEARCH_PATHS = (
					"$(SDKROOT)/Developer/Library/Frameworks",
					"$(inherited)",
				);
				GCC_PREPROCESSOR_DEFINITIONS = (
					"DEBUG=1",
					"$(inherited)",
				);
				INFOPLIST_FILE = "Weather Mock up 1Tests/Info.plist";
				LD_RUNPATH_SEARCH_PATHS = "$(inherited) @executable_path/Frameworks @loader_path/Frameworks";
				PRODUCT_NAME = "$(TARGET_NAME)";
				TEST_HOST = "$(BUILT_PRODUCTS_DIR)/Weather Mock up 1.app/Weather Mock up 1";
			};
			name = Debug;
		};
		7BD0884F1A57DB7500F0D5EE /* Release */ = {
			isa = XCBuildConfiguration;
			buildSettings = {
				BUNDLE_LOADER = "$(TEST_HOST)";
				FRAMEWORK_SEARCH_PATHS = (
					"$(SDKROOT)/Developer/Library/Frameworks",
					"$(inherited)",
				);
				INFOPLIST_FILE = "Weather Mock up 1Tests/Info.plist";
				LD_RUNPATH_SEARCH_PATHS = "$(inherited) @executable_path/Frameworks @loader_path/Frameworks";
				PRODUCT_NAME = "$(TARGET_NAME)";
				TEST_HOST = "$(BUILT_PRODUCTS_DIR)/Weather Mock up 1.app/Weather Mock up 1";
			};
			name = Release;
		};
/* End XCBuildConfiguration section */

/* Begin XCConfigurationList section */
		7BD088261A57DB7500F0D5EE /* Build configuration list for PBXProject "Weather Mock up 1" */ = {
			isa = XCConfigurationList;
			buildConfigurations = (
				7BD088481A57DB7500F0D5EE /* Debug */,
				7BD088491A57DB7500F0D5EE /* Release */,
			);
			defaultConfigurationIsVisible = 0;
			defaultConfigurationName = Release;
		};
		7BD0884A1A57DB7500F0D5EE /* Build configuration list for PBXNativeTarget "Weather Mock up 1" */ = {
			isa = XCConfigurationList;
			buildConfigurations = (
				7BD0884B1A57DB7500F0D5EE /* Debug */,
				7BD0884C1A57DB7500F0D5EE /* Release */,
			);
			defaultConfigurationIsVisible = 0;
			defaultConfigurationName = Release;
		};
		7BD0884D1A57DB7500F0D5EE /* Build configuration list for PBXNativeTarget "Weather Mock up 1Tests" */ = {
			isa = XCConfigurationList;
			buildConfigurations = (
				7BD0884E1A57DB7500F0D5EE /* Debug */,
				7BD0884F1A57DB7500F0D5EE /* Release */,
			);
			defaultConfigurationIsVisible = 0;
			defaultConfigurationName = Release;
		};
/* End XCConfigurationList section */
	};
	rootObject = 7BD088231A57DB7500F0D5EE /* Project object */;
}
